
Microsoft Visual Studio Solution File, Format Version 12.00
# Visual Studio Version 17
VisualStudioVersion = 17.10.35027.167
MinimumVisualStudioVersion = 10.0.40219.1
Project("{FAE04EC0-301F-11D3-BF4B-00C04F79EFBC}") = "Homework 1", "Homework 1\Homework 1.csproj", "{C5EA3D0F-384D-4252-8FF3-66DF9062E677}"
EndProject
Project("{FAE04EC0-301F-11D3-BF4B-00C04F79EFBC}") = "Homework 2", "Homework 2\Homework 2.csproj", "{B9A19E43-E113-45C8-8BF5-124083F0CEEA}"
EndProject
Project("{FAE04EC0-301F-11D3-BF4B-00C04F79EFBC}") = "Homework 3", "Homework 3\Homework 3.csproj", "{17CD0CE4-36F2-496B-A202-0BB9390131CC}"
EndProject
Project("{FAE04EC0-301F-11D3-BF4B-00C04F79EFBC}") = "Homework 4", "Homework 4\Homework 4.csproj", "{281C9261-1A2C-471C-9177-EC3C15482C94}"
EndProject
Project("{FAE04EC0-301F-11D3-BF4B-00C04F79EFBC}") = "Homework 5", "Homework 5\Homework 5.csproj", "{508A48E1-4B72-479C-A3FA-ED88DCBE8A20}"
EndProject
Project("{FAE04EC0-301F-11D3-BF4B-00C04F79EFBC}") = "Homework 6", "Homework 6\Homework 6.csproj", "{D35E7595-E783-4796-A1FE-9BF606979C57}"
EndProject
Project("{FAE04EC0-301F-11D3-BF4B-00C04F79EFBC}") = "Homework 7", "Homework 7\Homework 7.csproj", "{A95DFAAC-E0D8-4488-A8B9-34094CCA160B}"
EndProject
Project("{FAE04EC0-301F-11D3-BF4B-00C04F79EFBC}") = "Homework 8", "Homework 8\Homework 8.csproj", "{A78E218F-111C-4C7D-83C9-D93CF7615531}"
EndProject
Project("{FAE04EC0-301F-11D3-BF4B-00C04F79EFBC}") = "Homework 9", "Homework 9\Homework 9.csproj", "{73E2CA66-382C-4E32-A22C-A0A3CA692326}"
EndProject
Project("{FAE04EC0-301F-11D3-BF4B-00C04F79EFBC}") = "Homework I0", "Homework I0\Homework I0.csproj", "{3514914F-99A6-4BF3-8DB9-4FC44BAD546E}"
EndProject
Global
	GlobalSection(SolutionConfigurationPlatforms) = preSolution
		Debug|Any CPU = Debug|Any CPU
		Release|Any CPU = Release|Any CPU
	EndGlobalSection
	GlobalSection(ProjectConfigurationPlatforms) = postSolution
		{C5EA3D0F-384D-4252-8FF3-66DF9062E677}.Debug|Any CPU.ActiveCfg = Debug|Any CPU
		{C5EA3D0F-384D-4252-8FF3-66DF9062E677}.Debug|Any CPU.Build.0 = Debug|Any CPU
		{C5EA3D0F-384D-4252-8FF3-66DF9062E677}.Release|Any CPU.ActiveCfg = Release|Any CPU
		{C5EA3D0F-384D-4252-8FF3-66DF9062E677}.Release|Any CPU.Build.0 = Release|Any CPU
		{B9A19E43-E113-45C8-8BF5-124083F0CEEA}.Debug|Any CPU.ActiveCfg = Debug|Any CPU
		{B9A19E43-E113-45C8-8BF5-124083F0CEEA}.Debug|Any CPU.Build.0 = Debug|Any CPU
		{B9A19E43-E113-45C8-8BF5-124083F0CEEA}.Release|Any CPU.ActiveCfg = Release|Any CPU
		{B9A19E43-E113-45C8-8BF5-124083F0CEEA}.Release|Any CPU.Build.0 = Release|Any CPU
		{17CD0CE4-36F2-496B-A202-0BB9390131CC}.Debug|Any CPU.ActiveCfg = Debug|Any CPU
		{17CD0CE4-36F2-496B-A202-0BB9390131CC}.Debug|Any CPU.Build.0 = Debug|Any CPU
		{17CD0CE4-36F2-496B-A202-0BB9390131CC}.Release|Any CPU.ActiveCfg = Release|Any CPU
		{17CD0CE4-36F2-496B-A202-0BB9390131CC}.Release|Any CPU.Build.0 = Release|Any CPU
		{281C9261-1A2C-471C-9177-EC3C15482C94}.Debug|Any CPU.ActiveCfg = Debug|Any CPU
		{281C9261-1A2C-471C-9177-EC3C15482C94}.Debug|Any CPU.Build.0 = Debug|Any CPU
		{281C9261-1A2C-471C-9177-EC3C15482C94}.Release|Any CPU.ActiveCfg = Release|Any CPU
		{281C9261-1A2C-471C-9177-EC3C15482C94}.Release|Any CPU.Build.0 = Release|Any CPU
		{508A48E1-4B72-479C-A3FA-ED88DCBE8A20}.Debug|Any CPU.ActiveCfg = Debug|Any CPU
		{508A48E1-4B72-479C-A3FA-ED88DCBE8A20}.Debug|Any CPU.Build.0 = Debug|Any CPU
		{508A48E1-4B72-479C-A3FA-ED88DCBE8A20}.Release|Any CPU.ActiveCfg = Release|Any CPU
		{508A48E1-4B72-479C-A3FA-ED88DCBE8A20}.Release|Any CPU.Build.0 = Release|Any CPU
		{D35E7595-E783-4796-A1FE-9BF606979C57}.Debug|Any CPU.ActiveCfg = Debug|Any CPU
		{D35E7595-E783-4796-A1FE-9BF606979C57}.Debug|Any CPU.Build.0 = Debug|Any CPU
		{D35E7595-E783-4796-A1FE-9BF606979C57}.Release|Any CPU.ActiveCfg = Release|Any CPU
		{D35E7595-E783-4796-A1FE-9BF606979C57}.Release|Any CPU.Build.0 = Release|Any CPU
		{A95DFAAC-E0D8-4488-A8B9-34094CCA160B}.Debug|Any CPU.ActiveCfg = Debug|Any CPU
		{A95DFAAC-E0D8-4488-A8B9-34094CCA160B}.Debug|Any CPU.Build.0 = Debug|Any CPU
		{A95DFAAC-E0D8-4488-A8B9-34094CCA160B}.Release|Any CPU.ActiveCfg = Release|Any CPU
		{A95DFAAC-E0D8-4488-A8B9-34094CCA160B}.Release|Any CPU.Build.0 = Release|Any CPU
		{A78E218F-111C-4C7D-83C9-D93CF7615531}.Debug|Any CPU.ActiveCfg = Debug|Any CPU
		{A78E218F-111C-4C7D-83C9-D93CF7615531}.Debug|Any CPU.Build.0 = Debug|Any CPU
		{A78E218F-111C-4C7D-83C9-D93CF7615531}.Release|Any CPU.ActiveCfg = Release|Any CPU
		{A78E218F-111C-4C7D-83C9-D93CF7615531}.Release|Any CPU.Build.0 = Release|Any CPU
		{73E2CA66-382C-4E32-A22C-A0A3CA692326}.Debug|Any CPU.ActiveCfg = Debug|Any CPU
		{73E2CA66-382C-4E32-A22C-A0A3CA692326}.Debug|Any CPU.Build.0 = Debug|Any CPU
		{73E2CA66-382C-4E32-A22C-A0A3CA692326}.Release|Any CPU.ActiveCfg = Release|Any CPU
		{73E2CA66-382C-4E32-A22C-A0A3CA692326}.Release|Any CPU.Build.0 = Release|Any CPU
		{3514914F-99A6-4BF3-8DB9-4FC44BAD546E}.Debug|Any CPU.ActiveCfg = Debug|Any CPU
		{3514914F-99A6-4BF3-8DB9-4FC44BAD546E}.Debug|Any CPU.Build.0 = Debug|Any CPU
		{3514914F-99A6-4BF3-8DB9-4FC44BAD546E}.Release|Any CPU.ActiveCfg = Release|Any CPU
		{3514914F-99A6-4BF3-8DB9-4FC44BAD546E}.Release|Any CPU.Build.0 = Release|Any CPU
	EndGlobalSection
	GlobalSection(SolutionProperties) = preSolution
		HideSolutionNode = FALSE
	EndGlobalSection
	GlobalSection(ExtensibilityGlobals) = postSolution
		SolutionGuid = {32706E83-7E02-4DE1-9EA4-3EF1D893E498}
	EndGlobalSection
EndGlobal
