
Microsoft Visual Studio Solution File, Format Version 12.00
# Visual Studio Version 17
VisualStudioVersion = 17.10.35027.167
MinimumVisualStudioVersion = 10.0.40219.1
Project("{FAE04EC0-301F-11D3-BF4B-00C04F79EFBC}") = "Homework 1", "Homework 1\Homework 1.csproj", "{575186EA-B7D5-46B2-89EB-51BBF5E37C86}"
EndProject
Project("{FAE04EC0-301F-11D3-BF4B-00C04F79EFBC}") = "Homework 2", "Homework 2\Homework 2.csproj", "{712F562D-7F9A-4959-875F-6EC3CE6E37BF}"
EndProject
Project("{FAE04EC0-301F-11D3-BF4B-00C04F79EFBC}") = "Homework 3", "Homework 3\Homework 3.csproj", "{CFF1F92C-F57A-4D7B-9CED-38FD1C6BCEF8}"
EndProject
Global
	GlobalSection(SolutionConfigurationPlatforms) = preSolution
		Debug|Any CPU = Debug|Any CPU
		Release|Any CPU = Release|Any CPU
	EndGlobalSection
	GlobalSection(ProjectConfigurationPlatforms) = postSolution
		{575186EA-B7D5-46B2-89EB-51BBF5E37C86}.Debug|Any CPU.ActiveCfg = Debug|Any CPU
		{575186EA-B7D5-46B2-89EB-51BBF5E37C86}.Debug|Any CPU.Build.0 = Debug|Any CPU
		{575186EA-B7D5-46B2-89EB-51BBF5E37C86}.Release|Any CPU.ActiveCfg = Release|Any CPU
		{575186EA-B7D5-46B2-89EB-51BBF5E37C86}.Release|Any CPU.Build.0 = Release|Any CPU
		{712F562D-7F9A-4959-875F-6EC3CE6E37BF}.Debug|Any CPU.ActiveCfg = Debug|Any CPU
		{712F562D-7F9A-4959-875F-6EC3CE6E37BF}.Debug|Any CPU.Build.0 = Debug|Any CPU
		{712F562D-7F9A-4959-875F-6EC3CE6E37BF}.Release|Any CPU.ActiveCfg = Release|Any CPU
		{712F562D-7F9A-4959-875F-6EC3CE6E37BF}.Release|Any CPU.Build.0 = Release|Any CPU
		{CFF1F92C-F57A-4D7B-9CED-38FD1C6BCEF8}.Debug|Any CPU.ActiveCfg = Debug|Any CPU
		{CFF1F92C-F57A-4D7B-9CED-38FD1C6BCEF8}.Debug|Any CPU.Build.0 = Debug|Any CPU
		{CFF1F92C-F57A-4D7B-9CED-38FD1C6BCEF8}.Release|Any CPU.ActiveCfg = Release|Any CPU
		{CFF1F92C-F57A-4D7B-9CED-38FD1C6BCEF8}.Release|Any CPU.Build.0 = Release|Any CPU
	EndGlobalSection
	GlobalSection(SolutionProperties) = preSolution
		HideSolutionNode = FALSE
	EndGlobalSection
	GlobalSection(ExtensibilityGlobals) = postSolution
		SolutionGuid = {FE050AFF-15CF-4AA6-9C21-4E134A6DCA34}
	EndGlobalSection
EndGlobal
