
Microsoft Visual Studio Solution File, Format Version 12.00
# Visual Studio Version 17
VisualStudioVersion = 17.10.35027.167
MinimumVisualStudioVersion = 10.0.40219.1
Project("{FAE04EC0-301F-11D3-BF4B-00C04F79EFBC}") = "Homework 1", "Homework 1\Homework 1.csproj", "{D583749F-437C-46B3-9218-36545E2AF422}"
EndProject
Project("{FAE04EC0-301F-11D3-BF4B-00C04F79EFBC}") = "Homework 2", "Homework 2\Homework 2.csproj", "{038378CB-291B-4F37-9712-CA2EE127A2B8}"
EndProject
Project("{FAE04EC0-301F-11D3-BF4B-00C04F79EFBC}") = "Homework 3", "Homework 3\Homework 3.csproj", "{2D97A3E5-D76B-4998-829D-BDD085FC1204}"
EndProject
Project("{FAE04EC0-301F-11D3-BF4B-00C04F79EFBC}") = "Homework 4", "Homework 4\Homework 4.csproj", "{CF239C73-EB70-4CE8-91A6-81FFC1F35310}"
EndProject
Project("{FAE04EC0-301F-11D3-BF4B-00C04F79EFBC}") = "Homework 5", "Homework 5\Homework 5.csproj", "{B492F9B9-594D-451B-BAA8-9921CCD863F3}"
EndProject
Project("{FAE04EC0-301F-11D3-BF4B-00C04F79EFBC}") = "Homework 6", "Homework 6\Homework 6.csproj", "{274408FF-92D9-47D4-9B63-C1C68DE8FE74}"
EndProject
Project("{FAE04EC0-301F-11D3-BF4B-00C04F79EFBC}") = "Homework 7", "Homework 7\Homework 7.csproj", "{B76F2B8C-F438-4AA7-BCD0-8EC1F3323CA0}"
EndProject
Project("{FAE04EC0-301F-11D3-BF4B-00C04F79EFBC}") = "Homework 8", "Homework 8\Homework 8.csproj", "{C669B81C-44D5-44DC-B465-783C6E28671D}"
EndProject
Project("{FAE04EC0-301F-11D3-BF4B-00C04F79EFBC}") = "Homework 9", "Homework 9\Homework 9.csproj", "{097A1D12-A89D-44A1-9647-1010A873A220}"
EndProject
Project("{FAE04EC0-301F-11D3-BF4B-00C04F79EFBC}") = "Homework I0", "Homework I0\Homework I0.csproj", "{44508E0D-C91F-4E9C-B6AF-D513F57CECF3}"
EndProject
Global
	GlobalSection(SolutionConfigurationPlatforms) = preSolution
		Debug|Any CPU = Debug|Any CPU
		Release|Any CPU = Release|Any CPU
	EndGlobalSection
	GlobalSection(ProjectConfigurationPlatforms) = postSolution
		{D583749F-437C-46B3-9218-36545E2AF422}.Debug|Any CPU.ActiveCfg = Debug|Any CPU
		{D583749F-437C-46B3-9218-36545E2AF422}.Debug|Any CPU.Build.0 = Debug|Any CPU
		{D583749F-437C-46B3-9218-36545E2AF422}.Release|Any CPU.ActiveCfg = Release|Any CPU
		{D583749F-437C-46B3-9218-36545E2AF422}.Release|Any CPU.Build.0 = Release|Any CPU
		{038378CB-291B-4F37-9712-CA2EE127A2B8}.Debug|Any CPU.ActiveCfg = Debug|Any CPU
		{038378CB-291B-4F37-9712-CA2EE127A2B8}.Debug|Any CPU.Build.0 = Debug|Any CPU
		{038378CB-291B-4F37-9712-CA2EE127A2B8}.Release|Any CPU.ActiveCfg = Release|Any CPU
		{038378CB-291B-4F37-9712-CA2EE127A2B8}.Release|Any CPU.Build.0 = Release|Any CPU
		{2D97A3E5-D76B-4998-829D-BDD085FC1204}.Debug|Any CPU.ActiveCfg = Debug|Any CPU
		{2D97A3E5-D76B-4998-829D-BDD085FC1204}.Debug|Any CPU.Build.0 = Debug|Any CPU
		{2D97A3E5-D76B-4998-829D-BDD085FC1204}.Release|Any CPU.ActiveCfg = Release|Any CPU
		{2D97A3E5-D76B-4998-829D-BDD085FC1204}.Release|Any CPU.Build.0 = Release|Any CPU
		{CF239C73-EB70-4CE8-91A6-81FFC1F35310}.Debug|Any CPU.ActiveCfg = Debug|Any CPU
		{CF239C73-EB70-4CE8-91A6-81FFC1F35310}.Debug|Any CPU.Build.0 = Debug|Any CPU
		{CF239C73-EB70-4CE8-91A6-81FFC1F35310}.Release|Any CPU.ActiveCfg = Release|Any CPU
		{CF239C73-EB70-4CE8-91A6-81FFC1F35310}.Release|Any CPU.Build.0 = Release|Any CPU
		{B492F9B9-594D-451B-BAA8-9921CCD863F3}.Debug|Any CPU.ActiveCfg = Debug|Any CPU
		{B492F9B9-594D-451B-BAA8-9921CCD863F3}.Debug|Any CPU.Build.0 = Debug|Any CPU
		{B492F9B9-594D-451B-BAA8-9921CCD863F3}.Release|Any CPU.ActiveCfg = Release|Any CPU
		{B492F9B9-594D-451B-BAA8-9921CCD863F3}.Release|Any CPU.Build.0 = Release|Any CPU
		{274408FF-92D9-47D4-9B63-C1C68DE8FE74}.Debug|Any CPU.ActiveCfg = Debug|Any CPU
		{274408FF-92D9-47D4-9B63-C1C68DE8FE74}.Debug|Any CPU.Build.0 = Debug|Any CPU
		{274408FF-92D9-47D4-9B63-C1C68DE8FE74}.Release|Any CPU.ActiveCfg = Release|Any CPU
		{274408FF-92D9-47D4-9B63-C1C68DE8FE74}.Release|Any CPU.Build.0 = Release|Any CPU
		{B76F2B8C-F438-4AA7-BCD0-8EC1F3323CA0}.Debug|Any CPU.ActiveCfg = Debug|Any CPU
		{B76F2B8C-F438-4AA7-BCD0-8EC1F3323CA0}.Debug|Any CPU.Build.0 = Debug|Any CPU
		{B76F2B8C-F438-4AA7-BCD0-8EC1F3323CA0}.Release|Any CPU.ActiveCfg = Release|Any CPU
		{B76F2B8C-F438-4AA7-BCD0-8EC1F3323CA0}.Release|Any CPU.Build.0 = Release|Any CPU
		{C669B81C-44D5-44DC-B465-783C6E28671D}.Debug|Any CPU.ActiveCfg = Debug|Any CPU
		{C669B81C-44D5-44DC-B465-783C6E28671D}.Debug|Any CPU.Build.0 = Debug|Any CPU
		{C669B81C-44D5-44DC-B465-783C6E28671D}.Release|Any CPU.ActiveCfg = Release|Any CPU
		{C669B81C-44D5-44DC-B465-783C6E28671D}.Release|Any CPU.Build.0 = Release|Any CPU
		{097A1D12-A89D-44A1-9647-1010A873A220}.Debug|Any CPU.ActiveCfg = Debug|Any CPU
		{097A1D12-A89D-44A1-9647-1010A873A220}.Debug|Any CPU.Build.0 = Debug|Any CPU
		{097A1D12-A89D-44A1-9647-1010A873A220}.Release|Any CPU.ActiveCfg = Release|Any CPU
		{097A1D12-A89D-44A1-9647-1010A873A220}.Release|Any CPU.Build.0 = Release|Any CPU
		{44508E0D-C91F-4E9C-B6AF-D513F57CECF3}.Debug|Any CPU.ActiveCfg = Debug|Any CPU
		{44508E0D-C91F-4E9C-B6AF-D513F57CECF3}.Debug|Any CPU.Build.0 = Debug|Any CPU
		{44508E0D-C91F-4E9C-B6AF-D513F57CECF3}.Release|Any CPU.ActiveCfg = Release|Any CPU
		{44508E0D-C91F-4E9C-B6AF-D513F57CECF3}.Release|Any CPU.Build.0 = Release|Any CPU
	EndGlobalSection
	GlobalSection(SolutionProperties) = preSolution
		HideSolutionNode = FALSE
	EndGlobalSection
	GlobalSection(ExtensibilityGlobals) = postSolution
		SolutionGuid = {39BBCA03-86D4-4CB2-97F0-24E9751015F7}
	EndGlobalSection
EndGlobal
