
Microsoft Visual Studio Solution File, Format Version 12.00
# Visual Studio Version 17
VisualStudioVersion = 17.3.32811.315
MinimumVisualStudioVersion = 10.0.40219.1
Project("{FAE04EC0-301F-11D3-BF4B-00C04F79EFBC}") = "Project3", "Project3.csproj", "{ABD19F08-4492-49EF-B082-9AA8C7A74E10}"
EndProject
Global
	GlobalSection(SolutionConfigurationPlatforms) = preSolution
		Debug|Any CPU = Debug|Any CPU
		Release|Any CPU = Release|Any CPU
	EndGlobalSection
	GlobalSection(ProjectConfigurationPlatforms) = postSolution
		{ABD19F08-4492-49EF-B082-9AA8C7A74E10}.Debug|Any CPU.ActiveCfg = Debug|Any CPU
		{ABD19F08-4492-49EF-B082-9AA8C7A74E10}.Debug|Any CPU.Build.0 = Debug|Any CPU
		{ABD19F08-4492-49EF-B082-9AA8C7A74E10}.Release|Any CPU.ActiveCfg = Release|Any CPU
		{ABD19F08-4492-49EF-B082-9AA8C7A74E10}.Release|Any CPU.Build.0 = Release|Any CPU
	EndGlobalSection
	GlobalSection(SolutionProperties) = preSolution
		HideSolutionNode = FALSE
	EndGlobalSection
	GlobalSection(ExtensibilityGlobals) = postSolution
		SolutionGuid = {FEB08B07-7F29-4D69-97E0-DEF1A1A12BE1}
	EndGlobalSection
EndGlobal
